
Microsoft Visual Studio Solution File, Format Version 12.00
# Visual Studio 15
VisualStudioVersion = 15.0.26124.0
MinimumVisualStudioVersion = 15.0.26124.0
Project("{2150E333-8FDC-42A3-9474-1A3956D46DE8}") = "src", "src", "{82EEC61F-8D5E-48A9-9CF8-329B4F7291E3}"
EndProject
Project("{FAE04EC0-301F-11D3-BF4B-00C04F79EFBC}") = "Xenial.Doughnut.Client", "src\Xenial.Doughnut.Client\Xenial.Doughnut.Client.csproj", "{5B220F1F-62A1-4F7D-AE48-70833C1C362F}"
EndProject
Project("{FAE04EC0-301F-11D3-BF4B-00C04F79EFBC}") = "Xenial.Doughnut.Server", "src\Xenial.Doughnut.Server\Xenial.Doughnut.Server.csproj", "{00C40E76-E4C1-4391-9A06-CDBE43E30C40}"
EndProject
Global
	GlobalSection(SolutionConfigurationPlatforms) = preSolution
		Debug|Any CPU = Debug|Any CPU
		Debug|x64 = Debug|x64
		Debug|x86 = Debug|x86
		Release|Any CPU = Release|Any CPU
		Release|x64 = Release|x64
		Release|x86 = Release|x86
	EndGlobalSection
	GlobalSection(SolutionProperties) = preSolution
		HideSolutionNode = FALSE
	EndGlobalSection
	GlobalSection(ProjectConfigurationPlatforms) = postSolution
		{5B220F1F-62A1-4F7D-AE48-70833C1C362F}.Debug|Any CPU.ActiveCfg = Debug|Any CPU
		{5B220F1F-62A1-4F7D-AE48-70833C1C362F}.Debug|Any CPU.Build.0 = Debug|Any CPU
		{5B220F1F-62A1-4F7D-AE48-70833C1C362F}.Debug|x64.ActiveCfg = Debug|Any CPU
		{5B220F1F-62A1-4F7D-AE48-70833C1C362F}.Debug|x64.Build.0 = Debug|Any CPU
		{5B220F1F-62A1-4F7D-AE48-70833C1C362F}.Debug|x86.ActiveCfg = Debug|Any CPU
		{5B220F1F-62A1-4F7D-AE48-70833C1C362F}.Debug|x86.Build.0 = Debug|Any CPU
		{5B220F1F-62A1-4F7D-AE48-70833C1C362F}.Release|Any CPU.ActiveCfg = Release|Any CPU
		{5B220F1F-62A1-4F7D-AE48-70833C1C362F}.Release|Any CPU.Build.0 = Release|Any CPU
		{5B220F1F-62A1-4F7D-AE48-70833C1C362F}.Release|x64.ActiveCfg = Release|Any CPU
		{5B220F1F-62A1-4F7D-AE48-70833C1C362F}.Release|x64.Build.0 = Release|Any CPU
		{5B220F1F-62A1-4F7D-AE48-70833C1C362F}.Release|x86.ActiveCfg = Release|Any CPU
		{5B220F1F-62A1-4F7D-AE48-70833C1C362F}.Release|x86.Build.0 = Release|Any CPU
		{00C40E76-E4C1-4391-9A06-CDBE43E30C40}.Debug|Any CPU.ActiveCfg = Debug|Any CPU
		{00C40E76-E4C1-4391-9A06-CDBE43E30C40}.Debug|Any CPU.Build.0 = Debug|Any CPU
		{00C40E76-E4C1-4391-9A06-CDBE43E30C40}.Debug|x64.ActiveCfg = Debug|Any CPU
		{00C40E76-E4C1-4391-9A06-CDBE43E30C40}.Debug|x64.Build.0 = Debug|Any CPU
		{00C40E76-E4C1-4391-9A06-CDBE43E30C40}.Debug|x86.ActiveCfg = Debug|Any CPU
		{00C40E76-E4C1-4391-9A06-CDBE43E30C40}.Debug|x86.Build.0 = Debug|Any CPU
		{00C40E76-E4C1-4391-9A06-CDBE43E30C40}.Release|Any CPU.ActiveCfg = Release|Any CPU
		{00C40E76-E4C1-4391-9A06-CDBE43E30C40}.Release|Any CPU.Build.0 = Release|Any CPU
		{00C40E76-E4C1-4391-9A06-CDBE43E30C40}.Release|x64.ActiveCfg = Release|Any CPU
		{00C40E76-E4C1-4391-9A06-CDBE43E30C40}.Release|x64.Build.0 = Release|Any CPU
		{00C40E76-E4C1-4391-9A06-CDBE43E30C40}.Release|x86.ActiveCfg = Release|Any CPU
		{00C40E76-E4C1-4391-9A06-CDBE43E30C40}.Release|x86.Build.0 = Release|Any CPU
	EndGlobalSection
	GlobalSection(NestedProjects) = preSolution
		{5B220F1F-62A1-4F7D-AE48-70833C1C362F} = {82EEC61F-8D5E-48A9-9CF8-329B4F7291E3}
		{00C40E76-E4C1-4391-9A06-CDBE43E30C40} = {82EEC61F-8D5E-48A9-9CF8-329B4F7291E3}
	EndGlobalSection
EndGlobal
